
Microsoft Visual Studio Solution File, Format Version 12.00
# Visual Studio Version 16
VisualStudioVersion = 16.0.29613.14
MinimumVisualStudioVersion = 10.0.40219.1
Project("{9A19103F-16F7-4668-BE54-9A1E7A4F7556}") = "MatchRetriever", "MatchRetriever\MatchRetriever.csproj", "{8B4F7848-CAD2-491D-A436-0C212CC5EC13}"
	ProjectSection(ProjectDependencies) = postProject
		{43DA9AA9-3D98-4FE5-80BA-360057DE8FA5} = {43DA9AA9-3D98-4FE5-80BA-360057DE8FA5}
	EndProjectSection
EndProject
Project("{9A19103F-16F7-4668-BE54-9A1E7A4F7556}") = "Database", "MatchDb\Database\Database.csproj", "{CE6D8A61-59AC-4581-B788-A82B6B76FB9A}"
EndProject
Project("{9A19103F-16F7-4668-BE54-9A1E7A4F7556}") = "MatchEntities", "MatchDb\MatchEntities\MatchEntities\MatchEntities.csproj", "{64103898-868E-46D2-A443-12217260E99E}"
EndProject
Project("{9A19103F-16F7-4668-BE54-9A1E7A4F7556}") = "MatchRetrieverTestProject", "MatchRetrieverTestProject\MatchRetrieverTestProject.csproj", "{484E971B-6382-418E-9AB8-31BEA234006C}"
EndProject
Project("{9A19103F-16F7-4668-BE54-9A1E7A4F7556}") = "EquipmentLib", "EquipmentLib\EquipmentLib\EquipmentLib.csproj", "{B0A76AD2-FA5B-4590-9A80-F12765A7BFED}"
EndProject
Project("{9A19103F-16F7-4668-BE54-9A1E7A4F7556}") = "ZoneReader", "ZoneReader\ZoneReader\ZoneReader.csproj", "{43DA9AA9-3D98-4FE5-80BA-360057DE8FA5}"
EndProject
Project("{2150E333-8FDC-42A3-9474-1A3956D46DE8}") = "Solution Items", "Solution Items", "{62F874D1-2007-4748-B3BD-3AB681D6D717}"
	ProjectSection(SolutionItems) = preProject
		Dockerfile = Dockerfile
	EndProjectSection
EndProject
Global
	GlobalSection(SolutionConfigurationPlatforms) = preSolution
		Debug|Any CPU = Debug|Any CPU
		Release|Any CPU = Release|Any CPU
	EndGlobalSection
	GlobalSection(ProjectConfigurationPlatforms) = postSolution
		{8B4F7848-CAD2-491D-A436-0C212CC5EC13}.Debug|Any CPU.ActiveCfg = Debug|Any CPU
		{8B4F7848-CAD2-491D-A436-0C212CC5EC13}.Debug|Any CPU.Build.0 = Debug|Any CPU
		{8B4F7848-CAD2-491D-A436-0C212CC5EC13}.Release|Any CPU.ActiveCfg = Release|Any CPU
		{8B4F7848-CAD2-491D-A436-0C212CC5EC13}.Release|Any CPU.Build.0 = Release|Any CPU
		{CE6D8A61-59AC-4581-B788-A82B6B76FB9A}.Debug|Any CPU.ActiveCfg = Debug|Any CPU
		{CE6D8A61-59AC-4581-B788-A82B6B76FB9A}.Debug|Any CPU.Build.0 = Debug|Any CPU
		{CE6D8A61-59AC-4581-B788-A82B6B76FB9A}.Release|Any CPU.ActiveCfg = Release|Any CPU
		{CE6D8A61-59AC-4581-B788-A82B6B76FB9A}.Release|Any CPU.Build.0 = Release|Any CPU
		{64103898-868E-46D2-A443-12217260E99E}.Debug|Any CPU.ActiveCfg = Debug|Any CPU
		{64103898-868E-46D2-A443-12217260E99E}.Debug|Any CPU.Build.0 = Debug|Any CPU
		{64103898-868E-46D2-A443-12217260E99E}.Release|Any CPU.ActiveCfg = Release|Any CPU
		{64103898-868E-46D2-A443-12217260E99E}.Release|Any CPU.Build.0 = Release|Any CPU
		{484E971B-6382-418E-9AB8-31BEA234006C}.Debug|Any CPU.ActiveCfg = Debug|Any CPU
		{484E971B-6382-418E-9AB8-31BEA234006C}.Debug|Any CPU.Build.0 = Debug|Any CPU
		{484E971B-6382-418E-9AB8-31BEA234006C}.Release|Any CPU.ActiveCfg = Release|Any CPU
		{484E971B-6382-418E-9AB8-31BEA234006C}.Release|Any CPU.Build.0 = Release|Any CPU
		{B0A76AD2-FA5B-4590-9A80-F12765A7BFED}.Debug|Any CPU.ActiveCfg = Debug|Any CPU
		{B0A76AD2-FA5B-4590-9A80-F12765A7BFED}.Debug|Any CPU.Build.0 = Debug|Any CPU
		{B0A76AD2-FA5B-4590-9A80-F12765A7BFED}.Release|Any CPU.ActiveCfg = Release|Any CPU
		{B0A76AD2-FA5B-4590-9A80-F12765A7BFED}.Release|Any CPU.Build.0 = Release|Any CPU
		{43DA9AA9-3D98-4FE5-80BA-360057DE8FA5}.Debug|Any CPU.ActiveCfg = Debug|Any CPU
		{43DA9AA9-3D98-4FE5-80BA-360057DE8FA5}.Debug|Any CPU.Build.0 = Debug|Any CPU
		{43DA9AA9-3D98-4FE5-80BA-360057DE8FA5}.Release|Any CPU.ActiveCfg = Release|Any CPU
	EndGlobalSection
	GlobalSection(SolutionProperties) = preSolution
		HideSolutionNode = FALSE
	EndGlobalSection
	GlobalSection(ExtensibilityGlobals) = postSolution
		SolutionGuid = {54043B9C-EDC7-400A-862F-70A4CF2DB020}
	EndGlobalSection
EndGlobal
